github.com/CodeSerenade/easycrypto v0.0.0-20240806073254-589ebb9102b8 h1:omUGm50iYCCMH50Ys3+lKjUpLCdWc55Iws4K/ypKut0=
github.com/CodeSerenade/easycrypto v0.0.0-20240806073254-589ebb9102b8/go.mod h1:6PnjWTFqS8d6WMjlC7iBf+UZ4bALMu5JrMER+GWtAps=
github.com/codingeasygo/util v0.0.0-20231206062002-1ce2f004b7d9 h1:lgZYRVFBxBu2ELumEtJHFINCz+Cs1eBVbv8XlhNP1FI=
github.com/codingeasygo/util v0.0.0-20231206062002-1ce2f004b7d9/go.mod h1:CE705pc3Xn2F3nqMKhvfaigeXeDudpdteTzbf+2jwig=
